
Microsoft Visual Studio Solution File, Format Version 12.00
# Visual Studio Version 17
VisualStudioVersion = 17.13.35825.156
MinimumVisualStudioVersion = 10.0.40219.1
Project("{FAE04EC0-301F-11D3-BF4B-00C04F79EFBC}") = "Practica1", "Practica1.csproj", "{AD202676-BD0E-4032-83C4-7F82F80A04E5}"
EndProject
Global
	GlobalSection(SolutionConfigurationPlatforms) = preSolution
		Debug|Any CPU = Debug|Any CPU
		Release|Any CPU = Release|Any CPU
	EndGlobalSection
	GlobalSection(ProjectConfigurationPlatforms) = postSolution
		{AD202676-BD0E-4032-83C4-7F82F80A04E5}.Debug|Any CPU.ActiveCfg = Debug|Any CPU
		{AD202676-BD0E-4032-83C4-7F82F80A04E5}.Debug|Any CPU.Build.0 = Debug|Any CPU
		{AD202676-BD0E-4032-83C4-7F82F80A04E5}.Release|Any CPU.ActiveCfg = Release|Any CPU
		{AD202676-BD0E-4032-83C4-7F82F80A04E5}.Release|Any CPU.Build.0 = Release|Any CPU
	EndGlobalSection
	GlobalSection(SolutionProperties) = preSolution
		HideSolutionNode = FALSE
	EndGlobalSection
	GlobalSection(ExtensibilityGlobals) = postSolution
		SolutionGuid = {6E66BE80-3211-46CF-ADB6-B1A53FB8F71B}
	EndGlobalSection
EndGlobal
